{
  "name": "fast-three-sketch",
  "version": "1.0.0",
  "lockfileVersion": 3,
  "requires": true,
  "packages": {
    "": {
      "name": "fast-three-sketch",
      "version": "1.0.0",
      "license": "ISC",
      "dependencies": {
        "simple-kd-tree": "^1.0.1",
        "three": "^0.165.0"
      }
    },
    "node_modules/simple-kd-tree": {
      "version": "1.0.2",
      "resolved": "https://registry.npmjs.org/simple-kd-tree/-/simple-kd-tree-1.0.2.tgz",
      "integrity": "sha512-Unu/kvS60XRBMwms0kBBol26KZruJSoF1gx5ruHcSzz2aqfbmrzGUxt1qOdPsG7zfrMoICdmj8PWQZcnz9WuWA==",
      "dependencies": {
        "simple-kd-tree": "^1.0.1"
      }
    },
    "node_modules/three": {
      "version": "0.165.0",
      "resolved": "https://registry.npmjs.org/three/-/three-0.165.0.tgz",
      "integrity": "sha512-cc96IlVYGydeceu0e5xq70H8/yoVT/tXBxV/W8A/U6uOq7DXc4/s1Mkmnu6SqoYGhSRWWYFOhVwvq6V0VtbplA=="
    }
  }
}
